hash: 75c7ee1fdb954853d3ab8f1b62b85ad7c1a8719da2d2396238f0eba863fb86e0
updated: 2016-06-16T14:14:58.047959949-04:00
imports:
- name: gopkg.in/yaml.v2
  version: 25c4ec802a7d637f88d584ab26798e94ad14c13b
- name: github.com/evergreen-ci/pail
  version: 77641ef9b25997311b0e788a3344c235ed76bc3b
- name: github.com/mongodb/amboy
  version: 4f089ad3c37346a21d0b69b6d3c3523628a72a29
- name: github.com/mongodb/grip
  version: 505d1051058d81836ddb3cb839ba06009588a14e
- name: github.com/mongodb/anser
  version: dfd9f3040d44054bcd33f4006b73edd78be0f5fa
- name: github.com/mongodb/jasper
  version: 5fb1ab4916bb2cce94a003fc0277d62dccd9cc90
- name: github.com/evergreen-ci/gimlet
  version: 2180fc22266fe2030e026816640a5e395abffd33
- name: go.mongodb.org/mongo-driver
  version: 305bc4a5e4131420fe8ba5628e6faa9e6ade4e86
- name: github.com/evergreen-ci/pail
  version: 055ae19f1c325c86bfebb1678395242f26b2ab8c
- name: github.com/pkg/errors
  version: 856c240a51a2bf8fb8269ea7f3f9b046aadde36e
- name: github.com/urfave/cli
  version: 01857ac33766ce0c93856370626f9799281c14f4
- name: github.com/mongodb/curator
  version: 1bf23dbda88ac68ca9acea1e7e30ed4ba51677ae
- name: github.com/mholt/archiver
  version: e4ef56d48eb029648b0e895bb0b6a393ef0829c3
- name: github.com/aws/aws-sdk-go
  version: cf66c348f82c79de333bd788d4f782c4d623ebad
- name: github.com/evergreen-ci/utility
  version: 29e693dadcd3a5df21206a8fbdecf061b726d008
- name: github.com/stretchr/testify
  version: 890a5c3458b43e6104ff5da8dfa139d013d77544
- name: github.com/tychoish/bond
  version: cbb37912b9cc70a8ccd7c4c77df3ce6bc8a62b64
- name: golang.org/x/net
  version: 3a22650c66bd7f4fb6d1e8072ffd7b75c8a27898
- name: golang.org/x/text
  version: 905a57155faa8230500121607930ebb9dd8e139c
- name: gopkg.in/mgo.v2
  version: 60f23985327354fe2d4dde32ba05598bb047a114
- name: github.com/PuerkitoBio/rehttp
  version: 11cf6ea5d3e9afda34846e1db511aa218049471c
- name: github.com/google/uuid
  version: c2e93f3ae59f2904160ceaab466009f965df46d6
